
Microsoft Visual Studio Solution File, Format Version 12.00
# Visual Studio 15
VisualStudioVersion = 15.0.27703.2035
MinimumVisualStudioVersion = 10.0.40219.1
Project("{FAE04EC0-301F-11D3-BF4B-00C04F79EFBC}") = "DemoVariables", "DemoVariables\DemoVariables.csproj", "{5D056FCD-CB52-4A08-86A5-1AABF446560E}"
EndProject
Global
	GlobalSection(SolutionConfigurationPlatforms) = preSolution
		Debug|Any CPU = Debug|Any CPU
		Release|Any CPU = Release|Any CPU
	EndGlobalSection
	GlobalSection(ProjectConfigurationPlatforms) = postSolution
		{5D056FCD-CB52-4A08-86A5-1AABF446560E}.Debug|Any CPU.ActiveCfg = Debug|Any CPU
		{5D056FCD-CB52-4A08-86A5-1AABF446560E}.Debug|Any CPU.Build.0 = Debug|Any CPU
		{5D056FCD-CB52-4A08-86A5-1AABF446560E}.Release|Any CPU.ActiveCfg = Release|Any CPU
		{5D056FCD-CB52-4A08-86A5-1AABF446560E}.Release|Any CPU.Build.0 = Release|Any CPU
	EndGlobalSection
	GlobalSection(SolutionProperties) = preSolution
		HideSolutionNode = FALSE
	EndGlobalSection
	GlobalSection(ExtensibilityGlobals) = postSolution
		SolutionGuid = {3A59A85E-F257-4D92-A198-BC4505A1C9E3}
	EndGlobalSection
EndGlobal
