
Microsoft Visual Studio Solution File, Format Version 12.00
# Visual Studio 15
VisualStudioVersion = 15.0.27703.2035
MinimumVisualStudioVersion = 10.0.40219.1
Project("{FAE04EC0-301F-11D3-BF4B-00C04F79EFBC}") = "CarRental", "CarRental\CarRental.csproj", "{0F2D3533-63D0-4650-8806-CC3ECA8970C3}"
EndProject
Global
	GlobalSection(SolutionConfigurationPlatforms) = preSolution
		Debug|Any CPU = Debug|Any CPU
		Release|Any CPU = Release|Any CPU
	EndGlobalSection
	GlobalSection(ProjectConfigurationPlatforms) = postSolution
		{0F2D3533-63D0-4650-8806-CC3ECA8970C3}.Debug|Any CPU.ActiveCfg = Debug|Any CPU
		{0F2D3533-63D0-4650-8806-CC3ECA8970C3}.Debug|Any CPU.Build.0 = Debug|Any CPU
		{0F2D3533-63D0-4650-8806-CC3ECA8970C3}.Release|Any CPU.ActiveCfg = Release|Any CPU
		{0F2D3533-63D0-4650-8806-CC3ECA8970C3}.Release|Any CPU.Build.0 = Release|Any CPU
	EndGlobalSection
	GlobalSection(SolutionProperties) = preSolution
		HideSolutionNode = FALSE
	EndGlobalSection
	GlobalSection(ExtensibilityGlobals) = postSolution
		SolutionGuid = {8EEDA5BA-98F8-4BD5-B295-9C598F4D4CEB}
	EndGlobalSection
EndGlobal
